
Microsoft Visual Studio Solution File, Format Version 12.00
Project("{FAE04EC0-301F-11D3-BF4B-00C04F79EFBC}") = "SteamIconRestorer", "SteamIconRestorer.csproj", "{DE5819B8-48FD-47BD-B909-52FAA37E0AAD}"
EndProject
Global
	GlobalSection(SolutionConfigurationPlatforms) = preSolution
		Debug|Any CPU = Debug|Any CPU
		Release|Any CPU = Release|Any CPU
	EndGlobalSection
	GlobalSection(ProjectConfigurationPlatforms) = postSolution
		{DE5819B8-48FD-47BD-B909-52FAA37E0AAD}.Debug|Any CPU.ActiveCfg = Debug|Any CPU
		{DE5819B8-48FD-47BD-B909-52FAA37E0AAD}.Debug|Any CPU.Build.0 = Debug|Any CPU
		{DE5819B8-48FD-47BD-B909-52FAA37E0AAD}.Release|Any CPU.ActiveCfg = Release|Any CPU
		{DE5819B8-48FD-47BD-B909-52FAA37E0AAD}.Release|Any CPU.Build.0 = Release|Any CPU
	EndGlobalSection
EndGlobal
